// !$*UTF8*$!
{
	archiveVersion = 1;
	classes = {
	};
	objectVersion = 56;
	objects = {

/* Begin PBXBuildFile section */
		6537ED332907E77E00496700 /* BriefViewController.swift in Sources */ = {isa = PBXBuildFile; fileRef = 6537ED322907E77E00496700 /* BriefViewController.swift */; };
		6537ED352907E7C700496700 /* PlaneDetectViewController.swift in Sources */ = {isa = PBXBuildFile; fileRef = 6537ED342907E7C700496700 /* PlaneDetectViewController.swift */; };
		6537ED372907E8E700496700 /* FeatureBaseViewController.swift in Sources */ = {isa = PBXBuildFile; fileRef = 6537ED362907E8E700496700 /* FeatureBaseViewController.swift */; };
		6552338429126C0D0088DFB5 /* Unitylogo.mp4 in Resources */ = {isa = PBXBuildFile; fileRef = 6552338329126C0D0088DFB5 /* Unitylogo.mp4 */; };
		65620AA72910FE740021ABF2 /* ImageTrackingViewController.swift in Sources */ = {isa = PBXBuildFile; fileRef = 65620AA62910FE740021ABF2 /* ImageTrackingViewController.swift */; };
		659E2F8D29067DB50031F283 /* AppDelegate.swift in Sources */ = {isa = PBXBuildFile; fileRef = 659E2F8C29067DB50031F283 /* AppDelegate.swift */; };
		659E2F8F29067DB50031F283 /* art.scnassets in Resources */ = {isa = PBXBuildFile; fileRef = 659E2F8E29067DB50031F283 /* art.scnassets */; };
		659E2F9129067DB50031F283 /* ViewController.swift in Sources */ = {isa = PBXBuildFile; fileRef = 659E2F9029067DB50031F283 /* ViewController.swift */; };
		659E2F9429067DB50031F283 /* Main.storyboard in Resources */ = {isa = PBXBuildFile; fileRef = 659E2F9229067DB50031F283 /* Main.storyboard */; };
		659E2F9629067DB60031F283 /* Assets.xcassets in Resources */ = {isa = PBXBuildFile; fileRef = 659E2F9529067DB60031F283 /* Assets.xcassets */; };
		659E2F9929067DB60031F283 /* LaunchScreen.storyboard in Resources */ = {isa = PBXBuildFile; fileRef = 659E2F9729067DB60031F283 /* LaunchScreen.storyboard */; };
		65AAAAE5290A2BF400B4BA51 /* RaycastViewController.swift in Sources */ = {isa = PBXBuildFile; fileRef = 65AAAAE4290A2BF400B4BA51 /* RaycastViewController.swift */; };
/* End PBXBuildFile section */

/* Begin PBXFileReference section */
		6537ED322907E77E00496700 /* BriefViewController.swift */ = {isa = PBXFileReference; lastKnownFileType = sourcecode.swift; path = BriefViewController.swift; sourceTree = "<group>"; };
		6537ED342907E7C700496700 /* PlaneDetectViewController.swift */ = {isa = PBXFileReference; lastKnownFileType = sourcecode.swift; path = PlaneDetectViewController.swift; sourceTree = "<group>"; };
		6537ED362907E8E700496700 /* FeatureBaseViewController.swift */ = {isa = PBXFileReference; lastKnownFileType = sourcecode.swift; path = FeatureBaseViewController.swift; sourceTree = "<group>"; };
		6552338329126C0D0088DFB5 /* Unitylogo.mp4 */ = {isa = PBXFileReference; lastKnownFileType = file; path = Unitylogo.mp4; sourceTree = "<group>"; };
		65620AA62910FE740021ABF2 /* ImageTrackingViewController.swift */ = {isa = PBXFileReference; lastKnownFileType = sourcecode.swift; path = ImageTrackingViewController.swift; sourceTree = "<group>"; };
		659E2F8929067DB50031F283 /* ARDemo.app */ = {isa = PBXFileReference; explicitFileType = wrapper.application; includeInIndex = 0; path = ARDemo.app; sourceTree = BUILT_PRODUCTS_DIR; };
		659E2F8C29067DB50031F283 /* AppDelegate.swift */ = {isa = PBXFileReference; lastKnownFileType = sourcecode.swift; path = AppDelegate.swift; sourceTree = "<group>"; };
		659E2F8E29067DB50031F283 /* art.scnassets */ = {isa = PBXFileReference; lastKnownFileType = wrapper.scnassets; path = art.scnassets; sourceTree = "<group>"; };
		659E2F9029067DB50031F283 /* ViewController.swift */ = {isa = PBXFileReference; lastKnownFileType = sourcecode.swift; path = ViewController.swift; sourceTree = "<group>"; };
		659E2F9329067DB50031F283 /* Base */ = {isa = PBXFileReference; lastKnownFileType = file.storyboard; name = Base; path = Base.lproj/Main.storyboard; sourceTree = "<group>"; };
		659E2F9529067DB60031F283 /* Assets.xcassets */ = {isa = PBXFileReference; lastKnownFileType = folder.assetcatalog; path = Assets.xcassets; sourceTree = "<group>"; };
		659E2F9829067DB60031F283 /* Base */ = {isa = PBXFileReference; lastKnownFileType = file.storyboard; name = Base; path = Base.lproj/LaunchScreen.storyboard; sourceTree = "<group>"; };
		65AAAAE4290A2BF400B4BA51 /* RaycastViewController.swift */ = {isa = PBXFileReference; lastKnownFileType = sourcecode.swift; path = RaycastViewController.swift; sourceTree = "<group>"; };
/* End PBXFileReference section */

/* Begin PBXFrameworksBuildPhase section */
		659E2F8629067DB50031F283 /* Frameworks */ = {
			isa = PBXFrameworksBuildPhase;
			buildActionMask = 2147483647;
			files = (
			);
			runOnlyForDeploymentPostprocessing = 0;
		};
/* End PBXFrameworksBuildPhase section */

/* Begin PBXGroup section */
		6537ED312907E72700496700 /* FeatureVCs */ = {
			isa = PBXGroup;
			children = (
				6537ED322907E77E00496700 /* BriefViewController.swift */,
				6537ED342907E7C700496700 /* PlaneDetectViewController.swift */,
				6537ED362907E8E700496700 /* FeatureBaseViewController.swift */,
				65AAAAE4290A2BF400B4BA51 /* RaycastViewController.swift */,
				65620AA62910FE740021ABF2 /* ImageTrackingViewController.swift */,
			);
			path = FeatureVCs;
			sourceTree = "<group>";
		};
		659E2F8029067DB50031F283 = {
			isa = PBXGroup;
			children = (
				659E2F8B29067DB50031F283 /* ARDemo */,
				659E2F8A29067DB50031F283 /* Products */,
			);
			sourceTree = "<group>";
		};
		659E2F8A29067DB50031F283 /* Products */ = {
			isa = PBXGroup;
			children = (
				659E2F8929067DB50031F283 /* ARDemo.app */,
			);
			name = Products;
			sourceTree = "<group>";
		};
		659E2F8B29067DB50031F283 /* ARDemo */ = {
			isa = PBXGroup;
			children = (
				6552338329126C0D0088DFB5 /* Unitylogo.mp4 */,
				6537ED312907E72700496700 /* FeatureVCs */,
				659E2F8C29067DB50031F283 /* AppDelegate.swift */,
				659E2F8E29067DB50031F283 /* art.scnassets */,
				659E2F9029067DB50031F283 /* ViewController.swift */,
				659E2F9229067DB50031F283 /* Main.storyboard */,
				659E2F9529067DB60031F283 /* Assets.xcassets */,
				659E2F9729067DB60031F283 /* LaunchScreen.storyboard */,
			);
			path = ARDemo;
			sourceTree = "<group>";
		};
/* End PBXGroup section */

/* Begin PBXNativeTarget section */
		659E2F8829067DB50031F283 /* ARDemo */ = {
			isa = PBXNativeTarget;
			buildConfigurationList = 659E2F9C29067DB60031F283 /* Build configuration list for PBXNativeTarget "ARDemo" */;
			buildPhases = (
				659E2F8529067DB50031F283 /* Sources */,
				659E2F8629067DB50031F283 /* Frameworks */,
				659E2F8729067DB50031F283 /* Resources */,
			);
			buildRules = (
			);
			dependencies = (
			);
			name = ARDemo;
			productName = ARDemo;
			productReference = 659E2F8929067DB50031F283 /* ARDemo.app */;
			productType = "com.apple.product-type.application";
		};
/* End PBXNativeTarget section */

/* Begin PBXProject section */
		659E2F8129067DB50031F283 /* Project object */ = {
			isa = PBXProject;
			attributes = {
				BuildIndependentTargetsInParallel = 1;
				LastSwiftUpdateCheck = 1400;
				LastUpgradeCheck = 1400;
				TargetAttributes = {
					659E2F8829067DB50031F283 = {
						CreatedOnToolsVersion = 14.0.1;
					};
				};
			};
			buildConfigurationList = 659E2F8429067DB50031F283 /* Build configuration list for PBXProject "ARDemo" */;
			compatibilityVersion = "Xcode 14.0";
			developmentRegion = en;
			hasScannedForEncodings = 0;
			knownRegions = (
				en,
				Base,
			);
			mainGroup = 659E2F8029067DB50031F283;
			productRefGroup = 659E2F8A29067DB50031F283 /* Products */;
			projectDirPath = "";
			projectRoot = "";
			targets = (
				659E2F8829067DB50031F283 /* ARDemo */,
			);
		};
/* End PBXProject section */

/* Begin PBXResourcesBuildPhase section */
		659E2F8729067DB50031F283 /* Resources */ = {
			isa = PBXResourcesBuildPhase;
			buildActionMask = 2147483647;
			files = (
				659E2F8F29067DB50031F283 /* art.scnassets in Resources */,
				6552338429126C0D0088DFB5 /* Unitylogo.mp4 in Resources */,
				659E2F9929067DB60031F283 /* LaunchScreen.storyboard in Resources */,
				659E2F9629067DB60031F283 /* Assets.xcassets in Resources */,
				659E2F9429067DB50031F283 /* Main.storyboard in Resources */,
			);
			runOnlyForDeploymentPostprocessing = 0;
		};
/* End PBXResourcesBuildPhase section */

/* Begin PBXSourcesBuildPhase section */
		659E2F8529067DB50031F283 /* Sources */ = {
			isa = PBXSourcesBuildPhase;
			buildActionMask = 2147483647;
			files = (
				65620AA72910FE740021ABF2 /* ImageTrackingViewController.swift in Sources */,
				65AAAAE5290A2BF400B4BA51 /* RaycastViewController.swift in Sources */,
				659E2F9129067DB50031F283 /* ViewController.swift in Sources */,
				6537ED332907E77E00496700 /* BriefViewController.swift in Sources */,
				6537ED352907E7C700496700 /* PlaneDetectViewController.swift in Sources */,
				659E2F8D29067DB50031F283 /* AppDelegate.swift in Sources */,
				6537ED372907E8E700496700 /* FeatureBaseViewController.swift in Sources */,
			);
			runOnlyForDeploymentPostprocessing = 0;
		};
/* End PBXSourcesBuildPhase section */

/* Begin PBXVariantGroup section */
		659E2F9229067DB50031F283 /* Main.storyboard */ = {
			isa = PBXVariantGroup;
			children = (
				659E2F9329067DB50031F283 /* Base */,
			);
			name = Main.storyboard;
			sourceTree = "<group>";
		};
		659E2F9729067DB60031F283 /* LaunchScreen.storyboard */ = {
			isa = PBXVariantGroup;
			children = (
				659E2F9829067DB60031F283 /* Base */,
			);
			name = LaunchScreen.storyboard;
			sourceTree = "<group>";
		};
/* End PBXVariantGroup section */

/* Begin XCBuildConfiguration section */
		659E2F9A29067DB60031F283 /* Debug */ = {
			isa = XCBuildConfiguration;
			buildSettings = {
				ALWAYS_SEARCH_USER_PATHS = NO;
				CLANG_ANALYZER_NONNULL = YES;
				CLANG_ANALYZER_NUMBER_OBJECT_CONVERSION = YES_AGGRESSIVE;
				CLANG_CXX_LANGUAGE_STANDARD = "gnu++20";
				CLANG_ENABLE_MODULES = YES;
				CLANG_ENABLE_OBJC_ARC = YES;
				CLANG_ENABLE_OBJC_WEAK = YES;
				CLANG_WARN_BLOCK_CAPTURE_AUTORELEASING = YES;
				CLANG_WARN_BOOL_CONVERSION = YES;
				CLANG_WARN_COMMA = YES;
				CLANG_WARN_CONSTANT_CONVERSION = YES;
				CLANG_WARN_DEPRECATED_OBJC_IMPLEMENTATIONS = YES;
				CLANG_WARN_DIRECT_OBJC_ISA_USAGE = YES_ERROR;
				CLANG_WARN_DOCUMENTATION_COMMENTS = YES;
				CLANG_WARN_EMPTY_BODY = YES;
				CLANG_WARN_ENUM_CONVERSION = YES;
				CLANG_WARN_INFINITE_RECURSION = YES;
				CLANG_WARN_INT_CONVERSION = YES;
				CLANG_WARN_NON_LITERAL_NULL_CONVERSION = YES;
				CLANG_WARN_OBJC_IMPLICIT_RETAIN_SELF = YES;
				CLANG_WARN_OBJC_LITERAL_CONVERSION = YES;
				CLANG_WARN_OBJC_ROOT_CLASS = YES_ERROR;
				CLANG_WARN_QUOTED_INCLUDE_IN_FRAMEWORK_HEADER = YES;
				CLANG_WARN_RANGE_LOOP_ANALYSIS = YES;
				CLANG_WARN_STRICT_PROTOTYPES = YES;
				CLANG_WARN_SUSPICIOUS_MOVE = YES;
				CLANG_WARN_UNGUARDED_AVAILABILITY = YES_AGGRESSIVE;
				CLANG_WARN_UNREACHABLE_CODE = YES;
				CLANG_WARN__DUPLICATE_METHOD_MATCH = YES;
				COPY_PHASE_STRIP = NO;
				DEBUG_INFORMATION_FORMAT = dwarf;
				ENABLE_STRICT_OBJC_MSGSEND = YES;
				ENABLE_TESTABILITY = YES;
				GCC_C_LANGUAGE_STANDARD = gnu11;
				GCC_DYNAMIC_NO_PIC = NO;
				GCC_NO_COMMON_BLOCKS = YES;
				GCC_OPTIMIZATION_LEVEL = 0;
				GCC_PREPROCESSOR_DEFINITIONS = (
					"DEBUG=1",
					"$(inherited)",
				);
				GCC_WARN_64_TO_32_BIT_CONVERSION = YES;
				GCC_WARN_ABOUT_RETURN_TYPE = YES_ERROR;
				GCC_WARN_UNDECLARED_SELECTOR = YES;
				GCC_WARN_UNINITIALIZED_AUTOS = YES_AGGRESSIVE;
				GCC_WARN_UNUSED_FUNCTION = YES;
				GCC_WARN_UNUSED_VARIABLE = YES;
				IPHONEOS_DEPLOYMENT_TARGET = 16.0;
				MTL_ENABLE_DEBUG_INFO = INCLUDE_SOURCE;
				MTL_FAST_MATH = YES;
				ONLY_ACTIVE_ARCH = YES;
				SDKROOT = iphoneos;
				SWIFT_ACTIVE_COMPILATION_CONDITIONS = DEBUG;
				SWIFT_OPTIMIZATION_LEVEL = "-Onone";
			};
			name = Debug;
		};
		659E2F9B29067DB60031F283 /* Release */ = {
			isa = XCBuildConfiguration;
			buildSettings = {
				ALWAYS_SEARCH_USER_PATHS = NO;
				CLANG_ANALYZER_NONNULL = YES;
				CLANG_ANALYZER_NUMBER_OBJECT_CONVERSION = YES_AGGRESSIVE;
				CLANG_CXX_LANGUAGE_STANDARD = "gnu++20";
				CLANG_ENABLE_MODULES = YES;
				CLANG_ENABLE_OBJC_ARC = YES;
				CLANG_ENABLE_OBJC_WEAK = YES;
				CLANG_WARN_BLOCK_CAPTURE_AUTORELEASING = YES;
				CLANG_WARN_BOOL_CONVERSION = YES;
				CLANG_WARN_COMMA = YES;
				CLANG_WARN_CONSTANT_CONVERSION = YES;
				CLANG_WARN_DEPRECATED_OBJC_IMPLEMENTATIONS = YES;
				CLANG_WARN_DIRECT_OBJC_ISA_USAGE = YES_ERROR;
				CLANG_WARN_DOCUMENTATION_COMMENTS = YES;
				CLANG_WARN_EMPTY_BODY = YES;
				CLANG_WARN_ENUM_CONVERSION = YES;
				CLANG_WARN_INFINITE_RECURSION = YES;
				CLANG_WARN_INT_CONVERSION = YES;
				CLANG_WARN_NON_LITERAL_NULL_CONVERSION = YES;
				CLANG_WARN_OBJC_IMPLICIT_RETAIN_SELF = YES;
				CLANG_WARN_OBJC_LITERAL_CONVERSION = YES;
				CLANG_WARN_OBJC_ROOT_CLASS = YES_ERROR;
				CLANG_WARN_QUOTED_INCLUDE_IN_FRAMEWORK_HEADER = YES;
				CLANG_WARN_RANGE_LOOP_ANALYSIS = YES;
				CLANG_WARN_STRICT_PROTOTYPES = YES;
				CLANG_WARN_SUSPICIOUS_MOVE = YES;
				CLANG_WARN_UNGUARDED_AVAILABILITY = YES_AGGRESSIVE;
				CLANG_WARN_UNREACHABLE_CODE = YES;
				CLANG_WARN__DUPLICATE_METHOD_MATCH = YES;
				COPY_PHASE_STRIP = NO;
				DEBUG_INFORMATION_FORMAT = "dwarf-with-dsym";
				ENABLE_NS_ASSERTIONS = NO;
				ENABLE_STRICT_OBJC_MSGSEND = YES;
				GCC_C_LANGUAGE_STANDARD = gnu11;
				GCC_NO_COMMON_BLOCKS = YES;
				GCC_WARN_64_TO_32_BIT_CONVERSION = YES;
				GCC_WARN_ABOUT_RETURN_TYPE = YES_ERROR;
				GCC_WARN_UNDECLARED_SELECTOR = YES;
				GCC_WARN_UNINITIALIZED_AUTOS = YES_AGGRESSIVE;
				GCC_WARN_UNUSED_FUNCTION = YES;
				GCC_WARN_UNUSED_VARIABLE = YES;
				IPHONEOS_DEPLOYMENT_TARGET = 16.0;
				MTL_ENABLE_DEBUG_INFO = NO;
				MTL_FAST_MATH = YES;
				SDKROOT = iphoneos;
				SWIFT_COMPILATION_MODE = wholemodule;
				SWIFT_OPTIMIZATION_LEVEL = "-O";
				VALIDATE_PRODUCT = YES;
			};
			name = Release;
		};
		659E2F9D29067DB60031F283 /* Debug */ = {
			isa = XCBuildConfiguration;
			buildSettings = {
				ASSETCATALOG_COMPILER_APPICON_NAME = AppIcon;
				ASSETCATALOG_COMPILER_GLOBAL_ACCENT_COLOR_NAME = AccentColor;
				CODE_SIGN_STYLE = Automatic;
				CURRENT_PROJECT_VERSION = 1;
				DEVELOPMENT_TEAM = NK22HY3LBA;
				GENERATE_INFOPLIST_FILE = YES;
				INFOPLIST_KEY_NSCameraUsageDescription = "";
				INFOPLIST_KEY_UIApplicationSupportsIndirectInputEvents = YES;
				INFOPLIST_KEY_UILaunchStoryboardName = LaunchScreen;
				INFOPLIST_KEY_UIMainStoryboardFile = Main;
				INFOPLIST_KEY_UIRequiredDeviceCapabilities = arkit;
				INFOPLIST_KEY_UIStatusBarHidden = YES;
				INFOPLIST_KEY_UISupportedInterfaceOrientations = UIInterfaceOrientationPortrait;
				INFOPLIST_KEY_UISupportedInterfaceOrientations_iPad = "UIInterfaceOrientationLandscapeLeft UIInterfaceOrientationLandscapeRight UIInterfaceOrientationPortrait UIInterfaceOrientationPortraitUpsideDown";
				IPHONEOS_DEPLOYMENT_TARGET = 13.0;
				LD_RUNPATH_SEARCH_PATHS = (
					"$(inherited)",
					"@executable_path/Frameworks",
				);
				MARKETING_VERSION = 1.0;
				PRODUCT_BUNDLE_IDENTIFIER = com.letv.ARDemo;
				PRODUCT_NAME = "$(TARGET_NAME)";
				SWIFT_EMIT_LOC_STRINGS = YES;
				SWIFT_VERSION = 5.0;
				TARGETED_DEVICE_FAMILY = "1,2";
			};
			name = Debug;
		};
		659E2F9E29067DB60031F283 /* Release */ = {
			isa = XCBuildConfiguration;
			buildSettings = {
				ASSETCATALOG_COMPILER_APPICON_NAME = AppIcon;
				ASSETCATALOG_COMPILER_GLOBAL_ACCENT_COLOR_NAME = AccentColor;
				CODE_SIGN_STYLE = Automatic;
				CURRENT_PROJECT_VERSION = 1;
				DEVELOPMENT_TEAM = NK22HY3LBA;
				GENERATE_INFOPLIST_FILE = YES;
				INFOPLIST_KEY_NSCameraUsageDescription = "";
				INFOPLIST_KEY_UIApplicationSupportsIndirectInputEvents = YES;
				INFOPLIST_KEY_UILaunchStoryboardName = LaunchScreen;
				INFOPLIST_KEY_UIMainStoryboardFile = Main;
				INFOPLIST_KEY_UIRequiredDeviceCapabilities = arkit;
				INFOPLIST_KEY_UIStatusBarHidden = YES;
				INFOPLIST_KEY_UISupportedInterfaceOrientations = UIInterfaceOrientationPortrait;
				INFOPLIST_KEY_UISupportedInterfaceOrientations_iPad = "UIInterfaceOrientationLandscapeLeft UIInterfaceOrientationLandscapeRight UIInterfaceOrientationPortrait UIInterfaceOrientationPortraitUpsideDown";
				IPHONEOS_DEPLOYMENT_TARGET = 13.0;
				LD_RUNPATH_SEARCH_PATHS = (
					"$(inherited)",
					"@executable_path/Frameworks",
				);
				MARKETING_VERSION = 1.0;
				PRODUCT_BUNDLE_IDENTIFIER = com.letv.ARDemo;
				PRODUCT_NAME = "$(TARGET_NAME)";
				SWIFT_EMIT_LOC_STRINGS = YES;
				SWIFT_VERSION = 5.0;
				TARGETED_DEVICE_FAMILY = "1,2";
			};
			name = Release;
		};
/* End XCBuildConfiguration section */

/* Begin XCConfigurationList section */
		659E2F8429067DB50031F283 /* Build configuration list for PBXProject "ARDemo" */ = {
			isa = XCConfigurationList;
			buildConfigurations = (
				659E2F9A29067DB60031F283 /* Debug */,
				659E2F9B29067DB60031F283 /* Release */,
			);
			defaultConfigurationIsVisible = 0;
			defaultConfigurationName = Release;
		};
		659E2F9C29067DB60031F283 /* Build configuration list for PBXNativeTarget "ARDemo" */ = {
			isa = XCConfigurationList;
			buildConfigurations = (
				659E2F9D29067DB60031F283 /* Debug */,
				659E2F9E29067DB60031F283 /* Release */,
			);
			defaultConfigurationIsVisible = 0;
			defaultConfigurationName = Release;
		};
/* End XCConfigurationList section */
	};
	rootObject = 659E2F8129067DB50031F283 /* Project object */;
}
